
Microsoft Visual Studio Solution File, Format Version 12.00
# Visual Studio 14
VisualStudioVersion = 14.0.25420.1
MinimumVisualStudioVersion = 10.0.40219.1
Project("{FAE04EC0-301F-11D3-BF4B-00C04F79EFBC}") = "RestSelfHost", "RestSelfHost\RestSelfHost.csproj", "{6BCE847A-46C7-49FB-AA86-0473BE7098BA}"
EndProject
Project("{FAE04EC0-301F-11D3-BF4B-00C04F79EFBC}") = "Domain", "Domain\Domain.csproj", "{8D7E5874-FDAC-4454-B6C2-6E268A379595}"
EndProject
Project("{FAE04EC0-301F-11D3-BF4B-00C04F79EFBC}") = "Repository", "Repository\Repository.csproj", "{33592F89-E1DC-4AA2-A14C-A34B811DC9CB}"
EndProject
Project("{FAE04EC0-301F-11D3-BF4B-00C04F79EFBC}") = "RestSelfHostTest", "RestSelfHostTest\RestSelfHostTest.csproj", "{C36E3E1A-D249-4C33-8B90-2F58BE4A8F96}"
EndProject
Global
	GlobalSection(SolutionConfigurationPlatforms) = preSolution
		Debug|Any CPU = Debug|Any CPU
		Release|Any CPU = Release|Any CPU
	EndGlobalSection
	GlobalSection(ProjectConfigurationPlatforms) = postSolution
		{6BCE847A-46C7-49FB-AA86-0473BE7098BA}.Debug|Any CPU.ActiveCfg = Debug|Any CPU
		{6BCE847A-46C7-49FB-AA86-0473BE7098BA}.Debug|Any CPU.Build.0 = Debug|Any CPU
		{6BCE847A-46C7-49FB-AA86-0473BE7098BA}.Release|Any CPU.ActiveCfg = Release|Any CPU
		{6BCE847A-46C7-49FB-AA86-0473BE7098BA}.Release|Any CPU.Build.0 = Release|Any CPU
		{8D7E5874-FDAC-4454-B6C2-6E268A379595}.Debug|Any CPU.ActiveCfg = Debug|Any CPU
		{8D7E5874-FDAC-4454-B6C2-6E268A379595}.Debug|Any CPU.Build.0 = Debug|Any CPU
		{8D7E5874-FDAC-4454-B6C2-6E268A379595}.Release|Any CPU.ActiveCfg = Release|Any CPU
		{8D7E5874-FDAC-4454-B6C2-6E268A379595}.Release|Any CPU.Build.0 = Release|Any CPU
		{33592F89-E1DC-4AA2-A14C-A34B811DC9CB}.Debug|Any CPU.ActiveCfg = Debug|Any CPU
		{33592F89-E1DC-4AA2-A14C-A34B811DC9CB}.Debug|Any CPU.Build.0 = Debug|Any CPU
		{33592F89-E1DC-4AA2-A14C-A34B811DC9CB}.Release|Any CPU.ActiveCfg = Release|Any CPU
		{33592F89-E1DC-4AA2-A14C-A34B811DC9CB}.Release|Any CPU.Build.0 = Release|Any CPU
		{C36E3E1A-D249-4C33-8B90-2F58BE4A8F96}.Debug|Any CPU.ActiveCfg = Debug|Any CPU
		{C36E3E1A-D249-4C33-8B90-2F58BE4A8F96}.Debug|Any CPU.Build.0 = Debug|Any CPU
		{C36E3E1A-D249-4C33-8B90-2F58BE4A8F96}.Release|Any CPU.ActiveCfg = Release|Any CPU
		{C36E3E1A-D249-4C33-8B90-2F58BE4A8F96}.Release|Any CPU.Build.0 = Release|Any CPU
	EndGlobalSection
	GlobalSection(SolutionProperties) = preSolution
		HideSolutionNode = FALSE
	EndGlobalSection
EndGlobal
